
Microsoft Visual Studio Solution File, Format Version 12.00
# Visual Studio Version 16
VisualStudioVersion = 16.0.31729.503
MinimumVisualStudioVersion = 10.0.40219.1
Project("{FAE04EC0-301F-11D3-BF4B-00C04F79EFBC}") = "Test1", "Test1\Test1.csproj", "{32591175-CBCE-4848-9449-DE7B75F39B53}"
EndProject
Global
	GlobalSection(SolutionConfigurationPlatforms) = preSolution
		Debug|Any CPU = Debug|Any CPU
		Release|Any CPU = Release|Any CPU
	EndGlobalSection
	GlobalSection(ProjectConfigurationPlatforms) = postSolution
		{32591175-CBCE-4848-9449-DE7B75F39B53}.Debug|Any CPU.ActiveCfg = Debug|Any CPU
		{32591175-CBCE-4848-9449-DE7B75F39B53}.Debug|Any CPU.Build.0 = Debug|Any CPU
		{32591175-CBCE-4848-9449-DE7B75F39B53}.Release|Any CPU.ActiveCfg = Release|Any CPU
		{32591175-CBCE-4848-9449-DE7B75F39B53}.Release|Any CPU.Build.0 = Release|Any CPU
	EndGlobalSection
	GlobalSection(SolutionProperties) = preSolution
		HideSolutionNode = FALSE
	EndGlobalSection
	GlobalSection(ExtensibilityGlobals) = postSolution
		SolutionGuid = {83B0944A-D318-4C07-AFED-E125038D7753}
	EndGlobalSection
EndGlobal
